{
    "_readme": [
        "This file locks the dependencies of your project to a known state",
        "Read more about it at https://getcomposer.org/doc/01-basic-usage.md#installing-dependencies",
        "This file is @generated automatically"
    ],
    "content-hash": "cba441e47e15225be265a14006c7a28f",
    "packages": [
        {
            "name": "alexoliverwd/basic-router",
            "version": "0.1.3",
            "source": {
                "type": "git",
                "url": "https://github.com/aoliverwd/basic-router.git",
                "reference": "c999e9213c991a4832056c1fdbeeca2b72071585"
            },
            "dist": {
                "type": "zip",
                "url": "https://api.github.com/repos/aoliverwd/basic-router/zipball/c999e9213c991a4832056c1fdbeeca2b72071585",
                "reference": "c999e9213c991a4832056c1fdbeeca2b72071585",
                "shasum": ""
            },
            "require": {
                "php": ">=8.3"
            },
            "require-dev": {
                "pestphp/pest": "^3.6",
                "phpstan/phpstan": "^2.0"
            },
            "type": "library",
            "autoload": {
                "classmap": [
                    "src/"
                ]
            },
            "notification-url": "https://packagist.org/downloads/",
            "license": [
                "MIT"
            ],
            "authors": [
                {
                    "name": "Alex Oliver",
                    "homepage": "https://github.com/aoliverwd/basic-router",
                    "role": "Lead"
                }
            ],
            "description": "A minimalistic yet powerful PHP class designed to handle routing in web applications.",
            "keywords": [
                "http",
                "routing"
            ],
            "support": {
                "issues": "https://github.com/aoliverwd/basic-router/issues",
                "source": "https://github.com/aoliverwd/basic-router/tree/0.1.3"
            },
            "time": "2025-03-05T08:12:49+00:00"
        },
        {
            "name": "alexoliverwd/dotenv-loader",
            "version": "1.1.1",
            "source": {
                "type": "git",
                "url": "https://github.com/aoliverwd/dotenv-loader.git",
                "reference": "7421ac22ebd673f9d9d6e4c0eeb4a065ebccfb80"
            },
            "dist": {
                "type": "zip",
                "url": "https://api.github.com/repos/aoliverwd/dotenv-loader/zipball/7421ac22ebd673f9d9d6e4c0eeb4a065ebccfb80",
                "reference": "7421ac22ebd673f9d9d6e4c0eeb4a065ebccfb80",
                "shasum": ""
            },
            "require": {
                "php": ">=8.1"
            },
            "require-dev": {
                "pestphp/pest": "^1.23",
                "phpstan/phpstan": "^1.6"
            },
            "type": "library",
            "autoload": {
                "files": [
                    "src/dotenv-loader.php"
                ]
            },
            "notification-url": "https://packagist.org/downloads/",
            "license": [
                "MIT"
            ],
            "authors": [
                {
                    "name": "Alex Oliver",
                    "homepage": "https://github.com/aoliverwd",
                    "role": "Lead"
                }
            ],
            "description": "Load environment variables into a PHP application",
            "keywords": [
                "dotenv",
                "env",
                "environment",
                "environment variables",
                "variables"
            ],
            "support": {
                "issues": "https://github.com/aoliverwd/dotenv-loader/issues",
                "source": "https://github.com/aoliverwd/dotenv-loader/tree/1.1.1"
            },
            "time": "2025-01-07T22:06:37+00:00"
        },
        {
            "name": "intervention/gif",
            "version": "4.2.2",
            "source": {
                "type": "git",
                "url": "https://github.com/Intervention/gif.git",
                "reference": "5999eac6a39aa760fb803bc809e8909ee67b451a"
            },
            "dist": {
                "type": "zip",
                "url": "https://api.github.com/repos/Intervention/gif/zipball/5999eac6a39aa760fb803bc809e8909ee67b451a",
                "reference": "5999eac6a39aa760fb803bc809e8909ee67b451a",
                "shasum": ""
            },
            "require": {
                "php": "^8.1"
            },
            "require-dev": {
                "phpstan/phpstan": "^2.1",
                "phpunit/phpunit": "^10.0 || ^11.0  || ^12.0",
                "slevomat/coding-standard": "~8.0",
                "squizlabs/php_codesniffer": "^3.8"
            },
            "type": "library",
            "autoload": {
                "psr-4": {
                    "Intervention\\Gif\\": "src"
                }
            },
            "notification-url": "https://packagist.org/downloads/",
            "license": [
                "MIT"
            ],
            "authors": [
                {
                    "name": "Oliver Vogel",
                    "email": "oliver@intervention.io",
                    "homepage": "https://intervention.io/"
                }
            ],
            "description": "Native PHP GIF Encoder/Decoder",
            "homepage": "https://github.com/intervention/gif",
            "keywords": [
                "animation",
                "gd",
                "gif",
                "image"
            ],
            "support": {
                "issues": "https://github.com/Intervention/gif/issues",
                "source": "https://github.com/Intervention/gif/tree/4.2.2"
            },
            "funding": [
                {
                    "url": "https://paypal.me/interventionio",
                    "type": "custom"
                },
                {
                    "url": "https://github.com/Intervention",
                    "type": "github"
                },
                {
                    "url": "https://ko-fi.com/interventionphp",
                    "type": "ko_fi"
                }
            ],
            "time": "2025-03-29T07:46:21+00:00"
        },
        {
            "name": "intervention/image",
            "version": "3.11.2",
            "source": {
                "type": "git",
                "url": "https://github.com/Intervention/image.git",
                "reference": "ebbb711871fb261c064cf4c422f5f3c124fe1842"
            },
            "dist": {
                "type": "zip",
                "url": "https://api.github.com/repos/Intervention/image/zipball/ebbb711871fb261c064cf4c422f5f3c124fe1842",
                "reference": "ebbb711871fb261c064cf4c422f5f3c124fe1842",
                "shasum": ""
            },
            "require": {
                "ext-mbstring": "*",
                "intervention/gif": "^4.2",
                "php": "^8.1"
            },
            "require-dev": {
                "mockery/mockery": "^1.6",
                "phpstan/phpstan": "^2.1",
                "phpunit/phpunit": "^10.0 || ^11.0 || ^12.0",
                "slevomat/coding-standard": "~8.0",
                "squizlabs/php_codesniffer": "^3.8"
            },
            "suggest": {
                "ext-exif": "Recommended to be able to read EXIF data properly."
            },
            "type": "library",
            "autoload": {
                "psr-4": {
                    "Intervention\\Image\\": "src"
                }
            },
            "notification-url": "https://packagist.org/downloads/",
            "license": [
                "MIT"
            ],
            "authors": [
                {
                    "name": "Oliver Vogel",
                    "email": "oliver@intervention.io",
                    "homepage": "https://intervention.io/"
                }
            ],
            "description": "PHP image manipulation",
            "homepage": "https://image.intervention.io/",
            "keywords": [
                "gd",
                "image",
                "imagick",
                "resize",
                "thumbnail",
                "watermark"
            ],
            "support": {
                "issues": "https://github.com/Intervention/image/issues",
                "source": "https://github.com/Intervention/image/tree/3.11.2"
            },
            "funding": [
                {
                    "url": "https://paypal.me/interventionio",
                    "type": "custom"
                },
                {
                    "url": "https://github.com/Intervention",
                    "type": "github"
                },
                {
                    "url": "https://ko-fi.com/interventionphp",
                    "type": "ko_fi"
                }
            ],
            "time": "2025-02-27T13:08:55+00:00"
        }
    ],
    "packages-dev": [
        {
            "name": "phpstan/phpstan",
            "version": "2.1.12",
            "source": {
                "type": "git",
                "url": "https://github.com/phpstan/phpstan.git",
                "reference": "96dde49e967c0c22812bcfa7bda4ff82c09f3b0c"
            },
            "dist": {
                "type": "zip",
                "url": "https://api.github.com/repos/phpstan/phpstan/zipball/96dde49e967c0c22812bcfa7bda4ff82c09f3b0c",
                "reference": "96dde49e967c0c22812bcfa7bda4ff82c09f3b0c",
                "shasum": ""
            },
            "require": {
                "php": "^7.4|^8.0"
            },
            "conflict": {
                "phpstan/phpstan-shim": "*"
            },
            "bin": [
                "phpstan",
                "phpstan.phar"
            ],
            "type": "library",
            "autoload": {
                "files": [
                    "bootstrap.php"
                ]
            },
            "notification-url": "https://packagist.org/downloads/",
            "license": [
                "MIT"
            ],
            "description": "PHPStan - PHP Static Analysis Tool",
            "keywords": [
                "dev",
                "static analysis"
            ],
            "support": {
                "docs": "https://phpstan.org/user-guide/getting-started",
                "forum": "https://github.com/phpstan/phpstan/discussions",
                "issues": "https://github.com/phpstan/phpstan/issues",
                "security": "https://github.com/phpstan/phpstan/security/policy",
                "source": "https://github.com/phpstan/phpstan-src"
            },
            "funding": [
                {
                    "url": "https://github.com/ondrejmirtes",
                    "type": "github"
                },
                {
                    "url": "https://github.com/phpstan",
                    "type": "github"
                }
            ],
            "time": "2025-04-16T13:19:18+00:00"
        }
    ],
    "aliases": [],
    "minimum-stability": "stable",
    "stability-flags": {},
    "prefer-stable": true,
    "prefer-lowest": false,
    "platform": {
        "php": ">=8.3"
    },
    "platform-dev": {},
    "plugin-api-version": "2.6.0"
}
